
Microsoft Visual Studio Solution File, Format Version 12.00
# Visual Studio Version 16
VisualStudioVersion = 25.0.1703.4
MinimumVisualStudioVersion = 10.0.40219.1
Project("{FAE04EC0-301F-11D3-BF4B-00C04F79EFBC}") = "Shopping.Client", "Shopping.Client\Shopping.Client.csproj", "{CC5A5071-A68A-409B-AC6A-C697CEBE298B}"
EndProject
Project("{E53339B2-1760-4266-BCC7-CA923CBCF16C}") = "docker-compose", "docker-compose.dcproj", "{C50D7C66-FD2F-4834-9384-63E661D2E6DE}"
EndProject
Project("{FAE04EC0-301F-11D3-BF4B-00C04F79EFBC}") = "Shopping.API", "Shopping.API\Shopping.API.csproj", "{A2649459-04B0-4FD5-B44E-F85AAA814D49}"
EndProject
Global
	GlobalSection(SolutionConfigurationPlatforms) = preSolution
		Debug|Any CPU = Debug|Any CPU
		Release|Any CPU = Release|Any CPU
	EndGlobalSection
	GlobalSection(ProjectConfigurationPlatforms) = postSolution
		{CC5A5071-A68A-409B-AC6A-C697CEBE298B}.Debug|Any CPU.ActiveCfg = Debug|Any CPU
		{CC5A5071-A68A-409B-AC6A-C697CEBE298B}.Debug|Any CPU.Build.0 = Debug|Any CPU
		{CC5A5071-A68A-409B-AC6A-C697CEBE298B}.Release|Any CPU.ActiveCfg = Release|Any CPU
		{CC5A5071-A68A-409B-AC6A-C697CEBE298B}.Release|Any CPU.Build.0 = Release|Any CPU
		{C50D7C66-FD2F-4834-9384-63E661D2E6DE}.Debug|Any CPU.ActiveCfg = Debug|Any CPU
		{C50D7C66-FD2F-4834-9384-63E661D2E6DE}.Debug|Any CPU.Build.0 = Debug|Any CPU
		{C50D7C66-FD2F-4834-9384-63E661D2E6DE}.Release|Any CPU.ActiveCfg = Release|Any CPU
		{C50D7C66-FD2F-4834-9384-63E661D2E6DE}.Release|Any CPU.Build.0 = Release|Any CPU
		{A2649459-04B0-4FD5-B44E-F85AAA814D49}.Debug|Any CPU.ActiveCfg = Debug|Any CPU
		{A2649459-04B0-4FD5-B44E-F85AAA814D49}.Debug|Any CPU.Build.0 = Debug|Any CPU
		{A2649459-04B0-4FD5-B44E-F85AAA814D49}.Release|Any CPU.ActiveCfg = Release|Any CPU
		{A2649459-04B0-4FD5-B44E-F85AAA814D49}.Release|Any CPU.Build.0 = Release|Any CPU
	EndGlobalSection
	GlobalSection(SolutionProperties) = preSolution
		HideSolutionNode = FALSE
	EndGlobalSection
	GlobalSection(ExtensibilityGlobals) = postSolution
		SolutionGuid = {4C153D5C-3AC6-44B8-BC14-DC8484E903DA}
	EndGlobalSection
EndGlobal
